# THIS IS AN AUTOGENERATED FILE. DO NOT EDIT THIS FILE DIRECTLY.
# yarn lockfile v1


"@ianwalter/renovate-config@^1.5.0":
  version "1.5.0"
  resolved "https://registry.yarnpkg.com/@ianwalter/renovate-config/-/renovate-config-1.5.0.tgz#19529517c87296622d72b16008043358b957c038"
  integrity sha512-XVALXzdi4LT9nJE/m7KjjHrygc5wYjijkh3jZj8XMvhckcum0GqVfXk33mZ1ofEWBuGC8DhWM0imL8pC1R3MiA==

colortest@^3.0.4:
  version "3.0.4"
  resolved "https://registry.yarnpkg.com/colortest/-/colortest-3.0.4.tgz#40432852c82394ec58dff520e770177921ef3daf"
  integrity sha512-vojjWDtB8jOe0Yc0srbGyNX58ECR5+xi/bIiPAuy5x89Biz6/wVcfuVXaR/bUnPinEVx9OdiwLreaOp6RhlL3w==
